
Microsoft Visual Studio Solution File, Format Version 12.00
# Visual Studio Version 17
VisualStudioVersion = 17.8.34408.163
MinimumVisualStudioVersion = 10.0.40219.1
Project("{FAE04EC0-301F-11D3-BF4B-00C04F79EFBC}") = "Dice Game", "Dice Game\Dice Game.csproj", "{5363E07B-7F9B-4284-9AFE-3A12D217F74A}"
EndProject
Global
	GlobalSection(SolutionConfigurationPlatforms) = preSolution
		Debug|Any CPU = Debug|Any CPU
		Release|Any CPU = Release|Any CPU
	EndGlobalSection
	GlobalSection(ProjectConfigurationPlatforms) = postSolution
		{5363E07B-7F9B-4284-9AFE-3A12D217F74A}.Debug|Any CPU.ActiveCfg = Debug|Any CPU
		{5363E07B-7F9B-4284-9AFE-3A12D217F74A}.Debug|Any CPU.Build.0 = Debug|Any CPU
		{5363E07B-7F9B-4284-9AFE-3A12D217F74A}.Release|Any CPU.ActiveCfg = Release|Any CPU
		{5363E07B-7F9B-4284-9AFE-3A12D217F74A}.Release|Any CPU.Build.0 = Release|Any CPU
	EndGlobalSection
	GlobalSection(SolutionProperties) = preSolution
		HideSolutionNode = FALSE
	EndGlobalSection
	GlobalSection(ExtensibilityGlobals) = postSolution
		SolutionGuid = {1D62432D-96C9-4FE0-B52A-16C1FAF7FED8}
	EndGlobalSection
EndGlobal
