
Microsoft Visual Studio Solution File, Format Version 12.00
# Visual Studio Version 17
VisualStudioVersion = 17.8.34408.163
MinimumVisualStudioVersion = 10.0.40219.1
Project("{9A19103F-16F7-4668-BE54-9A1E7A4F7556}") = "Multithreading", "Multithreading\Multithreading.csproj", "{1D9FBF8E-B4E8-4DC3-8F69-748552DB0C5C}"
EndProject
Project("{9A19103F-16F7-4668-BE54-9A1E7A4F7556}") = "ThreadPool", "ThreadPool\ThreadPool.csproj", "{EABF2B1F-6C14-44B8-ABBE-50EBBAB62B75}"
EndProject
Project("{9A19103F-16F7-4668-BE54-9A1E7A4F7556}") = "Task", "Task\Task.csproj", "{C692448A-60C5-45C9-A636-9ED534E323A0}"
EndProject
Project("{9A19103F-16F7-4668-BE54-9A1E7A4F7556}") = "TaskResult", "TaskResult\TaskResult.csproj", "{D2B45618-7D4C-4B6C-A274-9E1CF3C2DEDB}"
EndProject
Project("{9A19103F-16F7-4668-BE54-9A1E7A4F7556}") = "ContinueTask", "ContinueTask\ContinueTask.csproj", "{64D07302-6FE9-41ED-AEA5-966D83CBAE34}"
EndProject
Project("{9A19103F-16F7-4668-BE54-9A1E7A4F7556}") = "CancelationOfTask", "CancelationOfTask\CancelationOfTask.csproj", "{55FB2FB1-2D9D-4AF5-8AFE-22B2BAB5229C}"
EndProject
Project("{9A19103F-16F7-4668-BE54-9A1E7A4F7556}") = "CatchingException", "CatchingException\CatchingException.csproj", "{D693415C-CA0D-433D-80BA-3B031AD3BDD3}"
EndProject
Project("{FAE04EC0-301F-11D3-BF4B-00C04F79EFBC}") = "ThreadMisbehaving", "ThreadMisbehaving\ThreadMisbehaving.csproj", "{7757E4CA-D7A1-4830-B864-0F0E3FBB8CD1}"
EndProject
Project("{FAE04EC0-301F-11D3-BF4B-00C04F79EFBC}") = "AsyncAwait", "AsyncAwait\AsyncAwait.csproj", "{B9F3B6B7-7FB1-4204-9AC5-93DCE16A2A87}"
EndProject
Project("{FAE04EC0-301F-11D3-BF4B-00C04F79EFBC}") = "CountriesAPIAsync", "CountriesAPIAsync\CountriesAPIAsync.csproj", "{4B4D2489-E02A-43BF-BE52-893B2DF072E7}"
EndProject
Global
	GlobalSection(SolutionConfigurationPlatforms) = preSolution
		Debug|Any CPU = Debug|Any CPU
		Release|Any CPU = Release|Any CPU
	EndGlobalSection
	GlobalSection(ProjectConfigurationPlatforms) = postSolution
		{1D9FBF8E-B4E8-4DC3-8F69-748552DB0C5C}.Debug|Any CPU.ActiveCfg = Debug|Any CPU
		{1D9FBF8E-B4E8-4DC3-8F69-748552DB0C5C}.Debug|Any CPU.Build.0 = Debug|Any CPU
		{1D9FBF8E-B4E8-4DC3-8F69-748552DB0C5C}.Release|Any CPU.ActiveCfg = Release|Any CPU
		{1D9FBF8E-B4E8-4DC3-8F69-748552DB0C5C}.Release|Any CPU.Build.0 = Release|Any CPU
		{EABF2B1F-6C14-44B8-ABBE-50EBBAB62B75}.Debug|Any CPU.ActiveCfg = Debug|Any CPU
		{EABF2B1F-6C14-44B8-ABBE-50EBBAB62B75}.Debug|Any CPU.Build.0 = Debug|Any CPU
		{EABF2B1F-6C14-44B8-ABBE-50EBBAB62B75}.Release|Any CPU.ActiveCfg = Release|Any CPU
		{EABF2B1F-6C14-44B8-ABBE-50EBBAB62B75}.Release|Any CPU.Build.0 = Release|Any CPU
		{C692448A-60C5-45C9-A636-9ED534E323A0}.Debug|Any CPU.ActiveCfg = Debug|Any CPU
		{C692448A-60C5-45C9-A636-9ED534E323A0}.Debug|Any CPU.Build.0 = Debug|Any CPU
		{C692448A-60C5-45C9-A636-9ED534E323A0}.Release|Any CPU.ActiveCfg = Release|Any CPU
		{C692448A-60C5-45C9-A636-9ED534E323A0}.Release|Any CPU.Build.0 = Release|Any CPU
		{D2B45618-7D4C-4B6C-A274-9E1CF3C2DEDB}.Debug|Any CPU.ActiveCfg = Debug|Any CPU
		{D2B45618-7D4C-4B6C-A274-9E1CF3C2DEDB}.Debug|Any CPU.Build.0 = Debug|Any CPU
		{D2B45618-7D4C-4B6C-A274-9E1CF3C2DEDB}.Release|Any CPU.ActiveCfg = Release|Any CPU
		{D2B45618-7D4C-4B6C-A274-9E1CF3C2DEDB}.Release|Any CPU.Build.0 = Release|Any CPU
		{64D07302-6FE9-41ED-AEA5-966D83CBAE34}.Debug|Any CPU.ActiveCfg = Debug|Any CPU
		{64D07302-6FE9-41ED-AEA5-966D83CBAE34}.Debug|Any CPU.Build.0 = Debug|Any CPU
		{64D07302-6FE9-41ED-AEA5-966D83CBAE34}.Release|Any CPU.ActiveCfg = Release|Any CPU
		{64D07302-6FE9-41ED-AEA5-966D83CBAE34}.Release|Any CPU.Build.0 = Release|Any CPU
		{55FB2FB1-2D9D-4AF5-8AFE-22B2BAB5229C}.Debug|Any CPU.ActiveCfg = Debug|Any CPU
		{55FB2FB1-2D9D-4AF5-8AFE-22B2BAB5229C}.Debug|Any CPU.Build.0 = Debug|Any CPU
		{55FB2FB1-2D9D-4AF5-8AFE-22B2BAB5229C}.Release|Any CPU.ActiveCfg = Release|Any CPU
		{55FB2FB1-2D9D-4AF5-8AFE-22B2BAB5229C}.Release|Any CPU.Build.0 = Release|Any CPU
		{D693415C-CA0D-433D-80BA-3B031AD3BDD3}.Debug|Any CPU.ActiveCfg = Debug|Any CPU
		{D693415C-CA0D-433D-80BA-3B031AD3BDD3}.Debug|Any CPU.Build.0 = Debug|Any CPU
		{D693415C-CA0D-433D-80BA-3B031AD3BDD3}.Release|Any CPU.ActiveCfg = Release|Any CPU
		{D693415C-CA0D-433D-80BA-3B031AD3BDD3}.Release|Any CPU.Build.0 = Release|Any CPU
		{7757E4CA-D7A1-4830-B864-0F0E3FBB8CD1}.Debug|Any CPU.ActiveCfg = Debug|Any CPU
		{7757E4CA-D7A1-4830-B864-0F0E3FBB8CD1}.Debug|Any CPU.Build.0 = Debug|Any CPU
		{7757E4CA-D7A1-4830-B864-0F0E3FBB8CD1}.Release|Any CPU.ActiveCfg = Release|Any CPU
		{7757E4CA-D7A1-4830-B864-0F0E3FBB8CD1}.Release|Any CPU.Build.0 = Release|Any CPU
		{B9F3B6B7-7FB1-4204-9AC5-93DCE16A2A87}.Debug|Any CPU.ActiveCfg = Debug|Any CPU
		{B9F3B6B7-7FB1-4204-9AC5-93DCE16A2A87}.Debug|Any CPU.Build.0 = Debug|Any CPU
		{B9F3B6B7-7FB1-4204-9AC5-93DCE16A2A87}.Release|Any CPU.ActiveCfg = Release|Any CPU
		{B9F3B6B7-7FB1-4204-9AC5-93DCE16A2A87}.Release|Any CPU.Build.0 = Release|Any CPU
		{4B4D2489-E02A-43BF-BE52-893B2DF072E7}.Debug|Any CPU.ActiveCfg = Debug|Any CPU
		{4B4D2489-E02A-43BF-BE52-893B2DF072E7}.Debug|Any CPU.Build.0 = Debug|Any CPU
		{4B4D2489-E02A-43BF-BE52-893B2DF072E7}.Release|Any CPU.ActiveCfg = Release|Any CPU
		{4B4D2489-E02A-43BF-BE52-893B2DF072E7}.Release|Any CPU.Build.0 = Release|Any CPU
	EndGlobalSection
	GlobalSection(SolutionProperties) = preSolution
		HideSolutionNode = FALSE
	EndGlobalSection
	GlobalSection(ExtensibilityGlobals) = postSolution
		SolutionGuid = {0D2C7347-1202-49AF-B3F8-51E803797A6A}
	EndGlobalSection
EndGlobal
