
Microsoft Visual Studio Solution File, Format Version 12.00
# Visual Studio Version 17
VisualStudioVersion = 17.8.34408.163
MinimumVisualStudioVersion = 10.0.40219.1
Project("{9A19103F-16F7-4668-BE54-9A1E7A4F7556}") = "LinkedList", "LinkedList\LinkedList.csproj", "{C927180A-7BB4-40B0-A20B-B5995792F3B1}"
EndProject
Project("{FAE04EC0-301F-11D3-BF4B-00C04F79EFBC}") = "NumberToWord", "NumberToWord\NumberToWord.csproj", "{C64369FF-277C-4C3C-89B7-2818BED7626C}"
EndProject
Global
	GlobalSection(SolutionConfigurationPlatforms) = preSolution
		Debug|Any CPU = Debug|Any CPU
		Release|Any CPU = Release|Any CPU
	EndGlobalSection
	GlobalSection(ProjectConfigurationPlatforms) = postSolution
		{C927180A-7BB4-40B0-A20B-B5995792F3B1}.Debug|Any CPU.ActiveCfg = Debug|Any CPU
		{C927180A-7BB4-40B0-A20B-B5995792F3B1}.Debug|Any CPU.Build.0 = Debug|Any CPU
		{C927180A-7BB4-40B0-A20B-B5995792F3B1}.Release|Any CPU.ActiveCfg = Release|Any CPU
		{C927180A-7BB4-40B0-A20B-B5995792F3B1}.Release|Any CPU.Build.0 = Release|Any CPU
		{C64369FF-277C-4C3C-89B7-2818BED7626C}.Debug|Any CPU.ActiveCfg = Debug|Any CPU
		{C64369FF-277C-4C3C-89B7-2818BED7626C}.Debug|Any CPU.Build.0 = Debug|Any CPU
		{C64369FF-277C-4C3C-89B7-2818BED7626C}.Release|Any CPU.ActiveCfg = Release|Any CPU
		{C64369FF-277C-4C3C-89B7-2818BED7626C}.Release|Any CPU.Build.0 = Release|Any CPU
	EndGlobalSection
	GlobalSection(SolutionProperties) = preSolution
		HideSolutionNode = FALSE
	EndGlobalSection
	GlobalSection(ExtensibilityGlobals) = postSolution
		SolutionGuid = {D6ADF083-CA01-4F31-BB9E-8DFFCBE2CB5F}
	EndGlobalSection
EndGlobal
