
Microsoft Visual Studio Solution File, Format Version 12.00
# Visual Studio Version 17
VisualStudioVersion = 17.8.34408.163
MinimumVisualStudioVersion = 10.0.40219.1
Project("{FAE04EC0-301F-11D3-BF4B-00C04F79EFBC}") = "IBM", "IBM\IBM.csproj", "{B8AC89E3-5A82-4A49-AE25-0C0CD9B0539E}"
EndProject
Global
	GlobalSection(SolutionConfigurationPlatforms) = preSolution
		Debug|Any CPU = Debug|Any CPU
		Release|Any CPU = Release|Any CPU
	EndGlobalSection
	GlobalSection(ProjectConfigurationPlatforms) = postSolution
		{B8AC89E3-5A82-4A49-AE25-0C0CD9B0539E}.Debug|Any CPU.ActiveCfg = Debug|Any CPU
		{B8AC89E3-5A82-4A49-AE25-0C0CD9B0539E}.Debug|Any CPU.Build.0 = Debug|Any CPU
		{B8AC89E3-5A82-4A49-AE25-0C0CD9B0539E}.Release|Any CPU.ActiveCfg = Release|Any CPU
		{B8AC89E3-5A82-4A49-AE25-0C0CD9B0539E}.Release|Any CPU.Build.0 = Release|Any CPU
	EndGlobalSection
	GlobalSection(SolutionProperties) = preSolution
		HideSolutionNode = FALSE
	EndGlobalSection
	GlobalSection(ExtensibilityGlobals) = postSolution
		SolutionGuid = {7908FC22-8B78-4791-8EDC-E5E1F5BE48FB}
	EndGlobalSection
EndGlobal
